<?xml version="1.0" encoding="utf-8"?>
<Project ToolsVersion="4.0" xmlns="http://schemas.microsoft.com/developer/msbuild/2003">
  <ItemGroup>
    <Filter Include="Headers">
      <UniqueIdentifier>{93995380-89BD-4b04-88EB-625FBE52EBFB}</UniqueIdentifier>
      <Extensions>h;hh;hpp;hxx;h++;hm;inl;inc;ipp;xsd</Extensions>
    </Filter>
    <Filter Include="Resources">
      <UniqueIdentifier>{67DA6AB6-F800-4c08-8B7A-83BB121AAD01}</UniqueIdentifier>
      <Extensions>rc;ico;cur;bmp;dlg;rc2;rct;bin;rgs;gif;jpg;jpeg;jpe;resx;tiff;tif;png;wav;mfcribbon-ms</Extensions>
    </Filter>
    <Filter Include="Resources\Includes">
      <UniqueIdentifier>{0d45d3b9-8654-497c-af15-0fb8a2121844}</UniqueIdentifier>
    </Filter>
    <Filter Include="Resources\Libraries">
      <UniqueIdentifier>{3b21819d-668b-4b9b-a2b4-3c154c8be19b}</UniqueIdentifier>
    </Filter>
    <Filter Include="Source">
      <UniqueIdentifier>{4FC737F1-C7A5-4376-A066-2A32D752A2FF}</UniqueIdentifier>
      <Extensions>cpp;c;cc;cxx;c++;cppm;ixx;def;odl;idl;hpj;bat;asm;asmx</Extensions>
    </Filter>
    <Filter Include="Source\Application">
      <UniqueIdentifier>{4d0131c7-24a2-473f-bd3c-c5845aa1bec6}</UniqueIdentifier>
    </Filter>
    <Filter Include="Source\InputsManager">
      <UniqueIdentifier>{46607f17-566f-4549-afb4-c606c1ea3ecb}</UniqueIdentifier>
    </Filter>
  </ItemGroup>
  <ItemGroup>
    <ClCompile Include="..\files\pch.cpp" />
    <ClCompile Include="..\files\dllmain.cpp" />
    <ClCompile Include="Source\Application\Application.cpp">
      <Filter>Source\Application</Filter>
    </ClCompile>
    <ClCompile Include="Source\InputsManager\InputsManager.cpp">
      <Filter>Source\InputsManager</Filter>
    </ClCompile>
  </ItemGroup>
  <ItemGroup>
    <ClInclude Include="..\files\Resources\Includes\RedHook.h">
      <Filter>Resources\Includes</Filter>
    </ClInclude>
    <ClInclude Include="..\files\pch.h" />
    <ClInclude Include="Headers\Enums.h">
      <Filter>Headers</Filter>
    </ClInclude>
    <ClInclude Include="Headers\Math.h">
      <Filter>Headers</Filter>
    </ClInclude>
    <ClInclude Include="Headers\Natives.h">
      <Filter>Headers</Filter>
    </ClInclude>
    <ClInclude Include="Headers\NativesCaller.h">
      <Filter>Headers</Filter>
    </ClInclude>
    <ClInclude Include="Headers\Structs.h">
      <Filter>Headers</Filter>
    </ClInclude>
    <ClInclude Include="Source\Application\Application.h">
      <Filter>Source\Application</Filter>
    </ClInclude>
    <ClInclude Include="Source\InputsManager\InputsManager.h">
      <Filter>Source\InputsManager</Filter>
    </ClInclude>
  </ItemGroup>
  <ItemGroup>
    <Library Include="..\files\Resources\Libraries\RedHook.lib">
      <Filter>Resources\Libraries</Filter>
    </Library>
  </ItemGroup>
</Project>